
Microsoft Visual Studio Solution File, Format Version 12.00
# Visual Studio Version 17
VisualStudioVersion = 17.6.33829.357
MinimumVisualStudioVersion = 10.0.40219.1
Project("{FAE04EC0-301F-11D3-BF4B-00C04F79EFBC}") = "ARMTemplate", "ARMTemplate.csproj", "{6F5C3CE1-2AF8-431D-AC9D-6D6716B6D8AA}"
EndProject
Project("{151D2E53-A2C4-4D7D-83FE-D05416EBD58E}") = "ArmTemplates.Templates", "ArmTemplates.Templates\ArmTemplates.Templates.deployproj", "{F697D229-4224-4D70-A1FB-524BFA3683FB}"
EndProject
Global
	GlobalSection(SolutionConfigurationPlatforms) = preSolution
		Debug|Any CPU = Debug|Any CPU
		Release|Any CPU = Release|Any CPU
	EndGlobalSection
	GlobalSection(ProjectConfigurationPlatforms) = postSolution
		{6F5C3CE1-2AF8-431D-AC9D-6D6716B6D8AA}.Debug|Any CPU.ActiveCfg = Debug|Any CPU
		{6F5C3CE1-2AF8-431D-AC9D-6D6716B6D8AA}.Debug|Any CPU.Build.0 = Debug|Any CPU
		{6F5C3CE1-2AF8-431D-AC9D-6D6716B6D8AA}.Release|Any CPU.ActiveCfg = Release|Any CPU
		{6F5C3CE1-2AF8-431D-AC9D-6D6716B6D8AA}.Release|Any CPU.Build.0 = Release|Any CPU
		{F697D229-4224-4D70-A1FB-524BFA3683FB}.Debug|Any CPU.ActiveCfg = Debug|Any CPU
		{F697D229-4224-4D70-A1FB-524BFA3683FB}.Debug|Any CPU.Build.0 = Debug|Any CPU
		{F697D229-4224-4D70-A1FB-524BFA3683FB}.Release|Any CPU.ActiveCfg = Release|Any CPU
		{F697D229-4224-4D70-A1FB-524BFA3683FB}.Release|Any CPU.Build.0 = Release|Any CPU
	EndGlobalSection
	GlobalSection(SolutionProperties) = preSolution
		HideSolutionNode = FALSE
	EndGlobalSection
	GlobalSection(ExtensibilityGlobals) = postSolution
		SolutionGuid = {C5BCB9A1-27A1-4FBE-973E-49829401CEF4}
	EndGlobalSection
EndGlobal
